// !$*UTF8*$!
{
	archiveVersion = 1;
	classes = {
	};
	objectVersion = 46;
	objects = {

/* Begin PBXBuildFile section */
		34FB5C141A95A83100E3E2F8 /* main.m in Sources */ = {isa = PBXBuildFile; fileRef = 34FB5C131A95A83100E3E2F8 /* main.m */; };
		34FB5C171A95A83100E3E2F8 /* AppDelegate.m in Sources */ = {isa = PBXBuildFile; fileRef = 34FB5C161A95A83100E3E2F8 /* AppDelegate.m */; };
		34FB5C1F1A95A83100E3E2F8 /* Images.xcassets in Resources */ = {isa = PBXBuildFile; fileRef = 34FB5C1E1A95A83100E3E2F8 /* Images.xcassets */; };
		34FB5C221A95A83100E3E2F8 /* LaunchScreen.xib in Resources */ = {isa = PBXBuildFile; fileRef = 34FB5C201A95A83100E3E2F8 /* LaunchScreen.xib */; };
		34FB5C2E1A95A83200E3E2F8 /* The_Pomodoro_iOS8Tests.m in Sources */ = {isa = PBXBuildFile; fileRef = 34FB5C2D1A95A83200E3E2F8 /* The_Pomodoro_iOS8Tests.m */; };
/* End PBXBuildFile section */

/* Begin PBXContainerItemProxy section */
		34FB5C281A95A83100E3E2F8 /* PBXContainerItemProxy */ = {
			isa = PBXContainerItemProxy;
			containerPortal = 34FB5C061A95A83100E3E2F8 /* Project object */;
			proxyType = 1;
			remoteGlobalIDString = 34FB5C0D1A95A83100E3E2F8;
			remoteInfo = "The-Pomodoro-iOS8";
		};
/* End PBXContainerItemProxy section */

/* Begin PBXFileReference section */
		34FB5C0E1A95A83100E3E2F8 /* The-Pomodoro-iOS8.app */ = {isa = PBXFileReference; explicitFileType = wrapper.application; includeInIndex = 0; path = "The-Pomodoro-iOS8.app"; sourceTree = BUILT_PRODUCTS_DIR; };
		34FB5C121A95A83100E3E2F8 /* Info.plist */ = {isa = PBXFileReference; lastKnownFileType = text.plist.xml; path = Info.plist; sourceTree = "<group>"; };
		34FB5C131A95A83100E3E2F8 /* main.m */ = {isa = PBXFileReference; lastKnownFileType = sourcecode.c.objc; path = main.m; sourceTree = "<group>"; };
		34FB5C151A95A83100E3E2F8 /* AppDelegate.h */ = {isa = PBXFileReference; lastKnownFileType = sourcecode.c.h; path = AppDelegate.h; sourceTree = "<group>"; };
		34FB5C161A95A83100E3E2F8 /* AppDelegate.m */ = {isa = PBXFileReference; lastKnownFileType = sourcecode.c.objc; path = AppDelegate.m; sourceTree = "<group>"; };
		34FB5C1E1A95A83100E3E2F8 /* Images.xcassets */ = {isa = PBXFileReference; lastKnownFileType = folder.assetcatalog; path = Images.xcassets; sourceTree = "<group>"; };
		34FB5C211A95A83100E3E2F8 /* Base */ = {isa = PBXFileReference; lastKnownFileType = file.xib; name = Base; path = Base.lproj/LaunchScreen.xib; sourceTree = "<group>"; };
		34FB5C271A95A83100E3E2F8 /* The-Pomodoro-iOS8Tests.xctest */ = {isa = PBXFileReference; explicitFileType = wrapper.cfbundle; includeInIndex = 0; path = "The-Pomodoro-iOS8Tests.xctest"; sourceTree = BUILT_PRODUCTS_DIR; };
		34FB5C2C1A95A83200E3E2F8 /* Info.plist */ = {isa = PBXFileReference; lastKnownFileType = text.plist.xml; path = Info.plist; sourceTree = "<group>"; };
		34FB5C2D1A95A83200E3E2F8 /* The_Pomodoro_iOS8Tests.m */ = {isa = PBXFileReference; lastKnownFileType = sourcecode.c.objc; path = The_Pomodoro_iOS8Tests.m; sourceTree = "<group>"; };
/* End PBXFileReference section */

/* Begin PBXFrameworksBuildPhase section */
		34FB5C0B1A95A83100E3E2F8 /* Frameworks */ = {
			isa = PBXFrameworksBuildPhase;
			buildActionMask = 2147483647;
			files = (
			);
			runOnlyForDeploymentPostprocessing = 0;
		};
		34FB5C241A95A83100E3E2F8 /* Frameworks */ = {
			isa = PBXFrameworksBuildPhase;
			buildActionMask = 2147483647;
			files = (
			);
			runOnlyForDeploymentPostprocessing = 0;
		};
/* End PBXFrameworksBuildPhase section */

/* Begin PBXGroup section */
		34FB5C051A95A83100E3E2F8 = {
			isa = PBXGroup;
			children = (
				34FB5C101A95A83100E3E2F8 /* The-Pomodoro-iOS8 */,
				34FB5C2A1A95A83100E3E2F8 /* The-Pomodoro-iOS8Tests */,
				34FB5C0F1A95A83100E3E2F8 /* Products */,
			);
			sourceTree = "<group>";
		};
		34FB5C0F1A95A83100E3E2F8 /* Products */ = {
			isa = PBXGroup;
			children = (
				34FB5C0E1A95A83100E3E2F8 /* The-Pomodoro-iOS8.app */,
				34FB5C271A95A83100E3E2F8 /* The-Pomodoro-iOS8Tests.xctest */,
			);
			name = Products;
			sourceTree = "<group>";
		};
		34FB5C101A95A83100E3E2F8 /* The-Pomodoro-iOS8 */ = {
			isa = PBXGroup;
			children = (
				34FB5C151A95A83100E3E2F8 /* AppDelegate.h */,
				34FB5C161A95A83100E3E2F8 /* AppDelegate.m */,
				34FB5C1E1A95A83100E3E2F8 /* Images.xcassets */,
				34FB5C201A95A83100E3E2F8 /* LaunchScreen.xib */,
				34FB5C111A95A83100E3E2F8 /* Supporting Files */,
			);
			path = "The-Pomodoro-iOS8";
			sourceTree = "<group>";
		};
		34FB5C111A95A83100E3E2F8 /* Supporting Files */ = {
			isa = PBXGroup;
			children = (
				34FB5C121A95A83100E3E2F8 /* Info.plist */,
				34FB5C131A95A83100E3E2F8 /* main.m */,
			);
			name = "Supporting Files";
			sourceTree = "<group>";
		};
		34FB5C2A1A95A83100E3E2F8 /* The-Pomodoro-iOS8Tests */ = {
			isa = PBXGroup;
			children = (
				34FB5C2D1A95A83200E3E2F8 /* The_Pomodoro_iOS8Tests.m */,
				34FB5C2B1A95A83200E3E2F8 /* Supporting Files */,
			);
			path = "The-Pomodoro-iOS8Tests";
			sourceTree = "<group>";
		};
		34FB5C2B1A95A83200E3E2F8 /* Supporting Files */ = {
			isa = PBXGroup;
			children = (
				34FB5C2C1A95A83200E3E2F8 /* Info.plist */,
			);
			name = "Supporting Files";
			sourceTree = "<group>";
		};
/* End PBXGroup section */

/* Begin PBXNativeTarget section */
		34FB5C0D1A95A83100E3E2F8 /* The-Pomodoro-iOS8 */ = {
			isa = PBXNativeTarget;
			buildConfigurationList = 34FB5C311A95A83200E3E2F8 /* Build configuration list for PBXNativeTarget "The-Pomodoro-iOS8" */;
			buildPhases = (
				34FB5C0A1A95A83100E3E2F8 /* Sources */,
				34FB5C0B1A95A83100E3E2F8 /* Frameworks */,
				34FB5C0C1A95A83100E3E2F8 /* Resources */,
			);
			buildRules = (
			);
			dependencies = (
			);
			name = "The-Pomodoro-iOS8";
			productName = "The-Pomodoro-iOS8";
			productReference = 34FB5C0E1A95A83100E3E2F8 /* The-Pomodoro-iOS8.app */;
			productType = "com.apple.product-type.application";
		};
		34FB5C261A95A83100E3E2F8 /* The-Pomodoro-iOS8Tests */ = {
			isa = PBXNativeTarget;
			buildConfigurationList = 34FB5C341A95A83200E3E2F8 /* Build configuration list for PBXNativeTarget "The-Pomodoro-iOS8Tests" */;
			buildPhases = (
				34FB5C231A95A83100E3E2F8 /* Sources */,
				34FB5C241A95A83100E3E2F8 /* Frameworks */,
				34FB5C251A95A83100E3E2F8 /* Resources */,
			);
			buildRules = (
			);
			dependencies = (
				34FB5C291A95A83100E3E2F8 /* PBXTargetDependency */,
			);
			name = "The-Pomodoro-iOS8Tests";
			productName = "The-Pomodoro-iOS8Tests";
			productReference = 34FB5C271A95A83100E3E2F8 /* The-Pomodoro-iOS8Tests.xctest */;
			productType = "com.apple.product-type.bundle.unit-test";
		};
/* End PBXNativeTarget section */

/* Begin PBXProject section */
		34FB5C061A95A83100E3E2F8 /* Project object */ = {
			isa = PBXProject;
			attributes = {
				LastUpgradeCheck = 0610;
				ORGANIZATIONNAME = DevMountain;
				TargetAttributes = {
					34FB5C0D1A95A83100E3E2F8 = {
						CreatedOnToolsVersion = 6.1.1;
					};
					34FB5C261A95A83100E3E2F8 = {
						CreatedOnToolsVersion = 6.1.1;
						TestTargetID = 34FB5C0D1A95A83100E3E2F8;
					};
				};
			};
			buildConfigurationList = 34FB5C091A95A83100E3E2F8 /* Build configuration list for PBXProject "The-Pomodoro-iOS8" */;
			compatibilityVersion = "Xcode 3.2";
			developmentRegion = English;
			hasScannedForEncodings = 0;
			knownRegions = (
				en,
				Base,
			);
			mainGroup = 34FB5C051A95A83100E3E2F8;
			productRefGroup = 34FB5C0F1A95A83100E3E2F8 /* Products */;
			projectDirPath = "";
			projectRoot = "";
			targets = (
				34FB5C0D1A95A83100E3E2F8 /* The-Pomodoro-iOS8 */,
				34FB5C261A95A83100E3E2F8 /* The-Pomodoro-iOS8Tests */,
			);
		};
/* End PBXProject section */

/* Begin PBXResourcesBuildPhase section */
		34FB5C0C1A95A83100E3E2F8 /* Resources */ = {
			isa = PBXResourcesBuildPhase;
			buildActionMask = 2147483647;
			files = (
				34FB5C221A95A83100E3E2F8 /* LaunchScreen.xib in Resources */,
				34FB5C1F1A95A83100E3E2F8 /* Images.xcassets in Resources */,
			);
			runOnlyForDeploymentPostprocessing = 0;
		};
		34FB5C251A95A83100E3E2F8 /* Resources */ = {
			isa = PBXResourcesBuildPhase;
			buildActionMask = 2147483647;
			files = (
			);
			runOnlyForDeploymentPostprocessing = 0;
		};
/* End PBXResourcesBuildPhase section */

/* Begin PBXSourcesBuildPhase section */
		34FB5C0A1A95A83100E3E2F8 /* Sources */ = {
			isa = PBXSourcesBuildPhase;
			buildActionMask = 2147483647;
			files = (
				34FB5C171A95A83100E3E2F8 /* AppDelegate.m in Sources */,
				34FB5C141A95A83100E3E2F8 /* main.m in Sources */,
			);
			runOnlyForDeploymentPostprocessing = 0;
		};
		34FB5C231A95A83100E3E2F8 /* Sources */ = {
			isa = PBXSourcesBuildPhase;
			buildActionMask = 2147483647;
			files = (
				34FB5C2E1A95A83200E3E2F8 /* The_Pomodoro_iOS8Tests.m in Sources */,
			);
			runOnlyForDeploymentPostprocessing = 0;
		};
/* End PBXSourcesBuildPhase section */

/* Begin PBXTargetDependency section */
		34FB5C291A95A83100E3E2F8 /* PBXTargetDependency */ = {
			isa = PBXTargetDependency;
			target = 34FB5C0D1A95A83100E3E2F8 /* The-Pomodoro-iOS8 */;
			targetProxy = 34FB5C281A95A83100E3E2F8 /* PBXContainerItemProxy */;
		};
/* End PBXTargetDependency section */

/* Begin PBXVariantGroup section */
		34FB5C201A95A83100E3E2F8 /* LaunchScreen.xib */ = {
			isa = PBXVariantGroup;
			children = (
				34FB5C211A95A83100E3E2F8 /* Base */,
			);
			name = LaunchScreen.xib;
			sourceTree = "<group>";
		};
/* End PBXVariantGroup section */

/* Begin XCBuildConfiguration section */
		34FB5C2F1A95A83200E3E2F8 /* Debug */ = {
			isa = XCBuildConfiguration;
			buildSettings = {
				ALWAYS_SEARCH_USER_PATHS = NO;
				CLANG_CXX_LANGUAGE_STANDARD = "gnu++0x";
				CLANG_CXX_LIBRARY = "libc++";
				CLANG_ENABLE_MODULES = YES;
				CLANG_ENABLE_OBJC_ARC = YES;
				CLANG_WARN_BOOL_CONVERSION = YES;
				CLANG_WARN_CONSTANT_CONVERSION = YES;
				CLANG_WARN_DIRECT_OBJC_ISA_USAGE = YES_ERROR;
				CLANG_WARN_EMPTY_BODY = YES;
				CLANG_WARN_ENUM_CONVERSION = YES;
				CLANG_WARN_INT_CONVERSION = YES;
				CLANG_WARN_OBJC_ROOT_CLASS = YES_ERROR;
				CLANG_WARN_UNREACHABLE_CODE = YES;
				CLANG_WARN__DUPLICATE_METHOD_MATCH = YES;
				"CODE_SIGN_IDENTITY[sdk=iphoneos*]" = "iPhone Developer";
				COPY_PHASE_STRIP = NO;
				ENABLE_STRICT_OBJC_MSGSEND = YES;
				GCC_C_LANGUAGE_STANDARD = gnu99;
				GCC_DYNAMIC_NO_PIC = NO;
				GCC_OPTIMIZATION_LEVEL = 0;
				GCC_PREPROCESSOR_DEFINITIONS = (
					"DEBUG=1",
					"$(inherited)",
				);
				GCC_SYMBOLS_PRIVATE_EXTERN = NO;
				GCC_WARN_64_TO_32_BIT_CONVERSION = YES;
				GCC_WARN_ABOUT_RETURN_TYPE = YES_ERROR;
				GCC_WARN_UNDECLARED_SELECTOR = YES;
				GCC_WARN_UNINITIALIZED_AUTOS = YES_AGGRESSIVE;
				GCC_WARN_UNUSED_FUNCTION = YES;
				GCC_WARN_UNUSED_VARIABLE = YES;
				IPHONEOS_DEPLOYMENT_TARGET = 8.1;
				MTL_ENABLE_DEBUG_INFO = YES;
				ONLY_ACTIVE_ARCH = YES;
				SDKROOT = iphoneos;
			};
			name = Debug;
		};
		34FB5C301A95A83200E3E2F8 /* Release */ = {
			isa = XCBuildConfiguration;
			buildSettings = {
				ALWAYS_SEARCH_USER_PATHS = NO;
				CLANG_CXX_LANGUAGE_STANDARD = "gnu++0x";
				CLANG_CXX_LIBRARY = "libc++";
				CLANG_ENABLE_MODULES = YES;
				CLANG_ENABLE_OBJC_ARC = YES;
				CLANG_WARN_BOOL_CONVERSION = YES;
				CLANG_WARN_CONSTANT_CONVERSION = YES;
				CLANG_WARN_DIRECT_OBJC_ISA_USAGE = YES_ERROR;
				CLANG_WARN_EMPTY_BODY = YES;
				CLANG_WARN_ENUM_CONVERSION = YES;
				CLANG_WARN_INT_CONVERSION = YES;
				CLANG_WARN_OBJC_ROOT_CLASS = YES_ERROR;
				CLANG_WARN_UNREACHABLE_CODE = YES;
				CLANG_WARN__DUPLICATE_METHOD_MATCH = YES;
				"CODE_SIGN_IDENTITY[sdk=iphoneos*]" = "iPhone Developer";
				COPY_PHASE_STRIP = YES;
				ENABLE_NS_ASSERTIONS = NO;
				ENABLE_STRICT_OBJC_MSGSEND = YES;
				GCC_C_LANGUAGE_STANDARD = gnu99;
				GCC_WARN_64_TO_32_BIT_CONVERSION = YES;
				GCC_WARN_ABOUT_RETURN_TYPE = YES_ERROR;
				GCC_WARN_UNDECLARED_SELECTOR = YES;
				GCC_WARN_UNINITIALIZED_AUTOS = YES_AGGRESSIVE;
				GCC_WARN_UNUSED_FUNCTION = YES;
				GCC_WARN_UNUSED_VARIABLE = YES;
				IPHONEOS_DEPLOYMENT_TARGET = 8.1;
				MTL_ENABLE_DEBUG_INFO = NO;
				SDKROOT = iphoneos;
				VALIDATE_PRODUCT = YES;
			};
			name = Release;
		};
		34FB5C321A95A83200E3E2F8 /* Debug */ = {
			isa = XCBuildConfiguration;
			buildSettings = {
				ASSETCATALOG_COMPILER_APPICON_NAME = AppIcon;
				INFOPLIST_FILE = "The-Pomodoro-iOS8/Info.plist";
				LD_RUNPATH_SEARCH_PATHS = "$(inherited) @executable_path/Frameworks";
				PRODUCT_NAME = "$(TARGET_NAME)";
			};
			name = Debug;
		};
		34FB5C331A95A83200E3E2F8 /* Release */ = {
			isa = XCBuildConfiguration;
			buildSettings = {
				ASSETCATALOG_COMPILER_APPICON_NAME = AppIcon;
				INFOPLIST_FILE = "The-Pomodoro-iOS8/Info.plist";
				LD_RUNPATH_SEARCH_PATHS = "$(inherited) @executable_path/Frameworks";
				PRODUCT_NAME = "$(TARGET_NAME)";
			};
			name = Release;
		};
		34FB5C351A95A83200E3E2F8 /* Debug */ = {
			isa = XCBuildConfiguration;
			buildSettings = {
				BUNDLE_LOADER = "$(TEST_HOST)";
				FRAMEWORK_SEARCH_PATHS = (
					"$(SDKROOT)/Developer/Library/Frameworks",
					"$(inherited)",
				);
				GCC_PREPROCESSOR_DEFINITIONS = (
					"DEBUG=1",
					"$(inherited)",
				);
				INFOPLIST_FILE = "The-Pomodoro-iOS8Tests/Info.plist";
				LD_RUNPATH_SEARCH_PATHS = "$(inherited) @executable_path/Frameworks @loader_path/Frameworks";
				PRODUCT_NAME = "$(TARGET_NAME)";
				TEST_HOST = "$(BUILT_PRODUCTS_DIR)/The-Pomodoro-iOS8.app/The-Pomodoro-iOS8";
			};
			name = Debug;
		};
		34FB5C361A95A83200E3E2F8 /* Release */ = {
			isa = XCBuildConfiguration;
			buildSettings = {
				BUNDLE_LOADER = "$(TEST_HOST)";
				FRAMEWORK_SEARCH_PATHS = (
					"$(SDKROOT)/Developer/Library/Frameworks",
					"$(inherited)",
				);
				INFOPLIST_FILE = "The-Pomodoro-iOS8Tests/Info.plist";
				LD_RUNPATH_SEARCH_PATHS = "$(inherited) @executable_path/Frameworks @loader_path/Frameworks";
				PRODUCT_NAME = "$(TARGET_NAME)";
				TEST_HOST = "$(BUILT_PRODUCTS_DIR)/The-Pomodoro-iOS8.app/The-Pomodoro-iOS8";
			};
			name = Release;
		};
/* End XCBuildConfiguration section */

/* Begin XCConfigurationList section */
		34FB5C091A95A83100E3E2F8 /* Build configuration list for PBXProject "The-Pomodoro-iOS8" */ = {
			isa = XCConfigurationList;
			buildConfigurations = (
				34FB5C2F1A95A83200E3E2F8 /* Debug */,
				34FB5C301A95A83200E3E2F8 /* Release */,
			);
			defaultConfigurationIsVisible = 0;
			defaultConfigurationName = Release;
		};
		34FB5C311A95A83200E3E2F8 /* Build configuration list for PBXNativeTarget "The-Pomodoro-iOS8" */ = {
			isa = XCConfigurationList;
			buildConfigurations = (
				34FB5C321A95A83200E3E2F8 /* Debug */,
				34FB5C331A95A83200E3E2F8 /* Release */,
			);
			defaultConfigurationIsVisible = 0;
		};
		34FB5C341A95A83200E3E2F8 /* Build configuration list for PBXNativeTarget "The-Pomodoro-iOS8Tests" */ = {
			isa = XCConfigurationList;
			buildConfigurations = (
				34FB5C351A95A83200E3E2F8 /* Debug */,
				34FB5C361A95A83200E3E2F8 /* Release */,
			);
			defaultConfigurationIsVisible = 0;
		};
/* End XCConfigurationList section */
	};
	rootObject = 34FB5C061A95A83100E3E2F8 /* Project object */;
}
